
Microsoft Visual Studio Solution File, Format Version 12.00
# Visual Studio 15
VisualStudioVersion = 15.0.28307.489
MinimumVisualStudioVersion = 10.0.40219.1
Project("{FAE04EC0-301F-11D3-BF4B-00C04F79EFBC}") = "UniformNormal", "UniformNormal\UniformNormal.csproj", "{3DF13287-BF33-4F49-AFEB-EEFDAE8C58E2}"
EndProject
Global
	GlobalSection(SolutionConfigurationPlatforms) = preSolution
		Debug|Any CPU = Debug|Any CPU
		Release|Any CPU = Release|Any CPU
	EndGlobalSection
	GlobalSection(ProjectConfigurationPlatforms) = postSolution
		{3DF13287-BF33-4F49-AFEB-EEFDAE8C58E2}.Debug|Any CPU.ActiveCfg = Debug|Any CPU
		{3DF13287-BF33-4F49-AFEB-EEFDAE8C58E2}.Debug|Any CPU.Build.0 = Debug|Any CPU
		{3DF13287-BF33-4F49-AFEB-EEFDAE8C58E2}.Release|Any CPU.ActiveCfg = Release|Any CPU
		{3DF13287-BF33-4F49-AFEB-EEFDAE8C58E2}.Release|Any CPU.Build.0 = Release|Any CPU
	EndGlobalSection
	GlobalSection(SolutionProperties) = preSolution
		HideSolutionNode = FALSE
	EndGlobalSection
	GlobalSection(ExtensibilityGlobals) = postSolution
		SolutionGuid = {E6C4A017-DCDE-4B81-84FC-814AEA5734BB}
	EndGlobalSection
EndGlobal
